// !$*UTF8*$!
{
	archiveVersion = 1;
	classes = {
	};
	objectVersion = 52;
	objects = {

/* Begin PBXBuildFile section */
		F301EC172581853C009E4572 /* Assets.xcassets in Resources */ = {isa = PBXBuildFile; fileRef = F301EC162581853C009E4572 /* Assets.xcassets */; };
		F301EC542581856E009E4572 /* CreateFactorPresenter.swift in Sources */ = {isa = PBXBuildFile; fileRef = F301EC342581856E009E4572 /* CreateFactorPresenter.swift */; };
		F301EC552581856E009E4572 /* CreateFactorViewController.swift in Sources */ = {isa = PBXBuildFile; fileRef = F301EC362581856E009E4572 /* CreateFactorViewController.swift */; };
		F301EC562581856E009E4572 /* FactorDetailPresenter.swift in Sources */ = {isa = PBXBuildFile; fileRef = F301EC392581856E009E4572 /* FactorDetailPresenter.swift */; };
		F301EC572581856E009E4572 /* ChallengeTableViewCell.xib in Resources */ = {isa = PBXBuildFile; fileRef = F301EC3B2581856E009E4572 /* ChallengeTableViewCell.xib */; };
		F301EC582581856E009E4572 /* ChallengeTableViewCell.swift in Sources */ = {isa = PBXBuildFile; fileRef = F301EC3C2581856E009E4572 /* ChallengeTableViewCell.swift */; };
		F301EC592581856E009E4572 /* FactorDetailViewController.swift in Sources */ = {isa = PBXBuildFile; fileRef = F301EC3D2581856E009E4572 /* FactorDetailViewController.swift */; };
		F301EC5A2581856E009E4572 /* FactorListPresenter.swift in Sources */ = {isa = PBXBuildFile; fileRef = F301EC402581856E009E4572 /* FactorListPresenter.swift */; };
		F301EC5B2581856E009E4572 /* FactorListViewController.swift in Sources */ = {isa = PBXBuildFile; fileRef = F301EC422581856E009E4572 /* FactorListViewController.swift */; };
		F301EC5C2581856E009E4572 /* FactorTableViewCell.swift in Sources */ = {isa = PBXBuildFile; fileRef = F301EC432581856E009E4572 /* FactorTableViewCell.swift */; };
		F301EC5D2581856E009E4572 /* FactorTableViewCell.xib in Resources */ = {isa = PBXBuildFile; fileRef = F301EC442581856E009E4572 /* FactorTableViewCell.xib */; };
		F301EC5E2581856E009E4572 /* DateFormatter+Extensions.swift in Sources */ = {isa = PBXBuildFile; fileRef = F301EC462581856E009E4572 /* DateFormatter+Extensions.swift */; };
		F301EC5F2581856E009E4572 /* UIColor+Extensions.swift in Sources */ = {isa = PBXBuildFile; fileRef = F301EC472581856E009E4572 /* UIColor+Extensions.swift */; };
		F301EC602581856E009E4572 /* UITextField+Extensions.swift in Sources */ = {isa = PBXBuildFile; fileRef = F301EC482581856E009E4572 /* UITextField+Extensions.swift */; };
		F301EC612581856E009E4572 /* AccessTokensAPI.swift in Sources */ = {isa = PBXBuildFile; fileRef = F301EC4A2581856E009E4572 /* AccessTokensAPI.swift */; };
		F301EC632581856E009E4572 /* AccessTokenResponse.swift in Sources */ = {isa = PBXBuildFile; fileRef = F301EC4C2581856E009E4572 /* AccessTokenResponse.swift */; };
		F301EC642581856E009E4572 /* ChallengeDetailPresenter.swift in Sources */ = {isa = PBXBuildFile; fileRef = F301EC4F2581856E009E4572 /* ChallengeDetailPresenter.swift */; };
		F301EC652581856E009E4572 /* ChallengeDetailViewController.swift in Sources */ = {isa = PBXBuildFile; fileRef = F301EC512581856E009E4572 /* ChallengeDetailViewController.swift */; };
		F301EC662581856E009E4572 /* TwilioVerifyAdapter.swift in Sources */ = {isa = PBXBuildFile; fileRef = F301EC532581856E009E4572 /* TwilioVerifyAdapter.swift */; };
		F301EC71258185D9009E4572 /* LaunchScreen.storyboard in Resources */ = {isa = PBXBuildFile; fileRef = F301EC70258185D9009E4572 /* LaunchScreen.storyboard */; };
		F301EC74258185E0009E4572 /* Main.storyboard in Resources */ = {isa = PBXBuildFile; fileRef = F301EC73258185E0009E4572 /* Main.storyboard */; };
		F301EC7825818601009E4572 /* AppDelegate.swift in Sources */ = {isa = PBXBuildFile; fileRef = F301EC7725818600009E4572 /* AppDelegate.swift */; };
		F301EC7C25818619009E4572 /* TwilioVerify in Frameworks */ = {isa = PBXBuildFile; productRef = F301EC7B25818619009E4572 /* TwilioVerify */; };
/* End PBXBuildFile section */

/* Begin PBXFileReference section */
		F301EC0A25818539009E4572 /* PushDemo.app */ = {isa = PBXFileReference; explicitFileType = wrapper.application; includeInIndex = 0; path = PushDemo.app; sourceTree = BUILT_PRODUCTS_DIR; };
		F301EC162581853C009E4572 /* Assets.xcassets */ = {isa = PBXFileReference; lastKnownFileType = folder.assetcatalog; path = Assets.xcassets; sourceTree = "<group>"; };
		F301EC342581856E009E4572 /* CreateFactorPresenter.swift */ = {isa = PBXFileReference; fileEncoding = 4; lastKnownFileType = sourcecode.swift; path = CreateFactorPresenter.swift; sourceTree = "<group>"; };
		F301EC362581856E009E4572 /* CreateFactorViewController.swift */ = {isa = PBXFileReference; fileEncoding = 4; lastKnownFileType = sourcecode.swift; path = CreateFactorViewController.swift; sourceTree = "<group>"; };
		F301EC392581856E009E4572 /* FactorDetailPresenter.swift */ = {isa = PBXFileReference; fileEncoding = 4; lastKnownFileType = sourcecode.swift; path = FactorDetailPresenter.swift; sourceTree = "<group>"; };
		F301EC3B2581856E009E4572 /* ChallengeTableViewCell.xib */ = {isa = PBXFileReference; fileEncoding = 4; lastKnownFileType = file.xib; path = ChallengeTableViewCell.xib; sourceTree = "<group>"; };
		F301EC3C2581856E009E4572 /* ChallengeTableViewCell.swift */ = {isa = PBXFileReference; fileEncoding = 4; lastKnownFileType = sourcecode.swift; path = ChallengeTableViewCell.swift; sourceTree = "<group>"; };
		F301EC3D2581856E009E4572 /* FactorDetailViewController.swift */ = {isa = PBXFileReference; fileEncoding = 4; lastKnownFileType = sourcecode.swift; path = FactorDetailViewController.swift; sourceTree = "<group>"; };
		F301EC402581856E009E4572 /* FactorListPresenter.swift */ = {isa = PBXFileReference; fileEncoding = 4; lastKnownFileType = sourcecode.swift; path = FactorListPresenter.swift; sourceTree = "<group>"; };
		F301EC422581856E009E4572 /* FactorListViewController.swift */ = {isa = PBXFileReference; fileEncoding = 4; lastKnownFileType = sourcecode.swift; path = FactorListViewController.swift; sourceTree = "<group>"; };
		F301EC432581856E009E4572 /* FactorTableViewCell.swift */ = {isa = PBXFileReference; fileEncoding = 4; lastKnownFileType = sourcecode.swift; path = FactorTableViewCell.swift; sourceTree = "<group>"; };
		F301EC442581856E009E4572 /* FactorTableViewCell.xib */ = {isa = PBXFileReference; fileEncoding = 4; lastKnownFileType = file.xib; path = FactorTableViewCell.xib; sourceTree = "<group>"; };
		F301EC462581856E009E4572 /* DateFormatter+Extensions.swift */ = {isa = PBXFileReference; fileEncoding = 4; lastKnownFileType = sourcecode.swift; path = "DateFormatter+Extensions.swift"; sourceTree = "<group>"; };
		F301EC472581856E009E4572 /* UIColor+Extensions.swift */ = {isa = PBXFileReference; fileEncoding = 4; lastKnownFileType = sourcecode.swift; path = "UIColor+Extensions.swift"; sourceTree = "<group>"; };
		F301EC482581856E009E4572 /* UITextField+Extensions.swift */ = {isa = PBXFileReference; fileEncoding = 4; lastKnownFileType = sourcecode.swift; path = "UITextField+Extensions.swift"; sourceTree = "<group>"; };
		F301EC4A2581856E009E4572 /* AccessTokensAPI.swift */ = {isa = PBXFileReference; fileEncoding = 4; lastKnownFileType = sourcecode.swift; path = AccessTokensAPI.swift; sourceTree = "<group>"; };
		F301EC4C2581856E009E4572 /* AccessTokenResponse.swift */ = {isa = PBXFileReference; fileEncoding = 4; lastKnownFileType = sourcecode.swift; path = AccessTokenResponse.swift; sourceTree = "<group>"; };
		F301EC4F2581856E009E4572 /* ChallengeDetailPresenter.swift */ = {isa = PBXFileReference; fileEncoding = 4; lastKnownFileType = sourcecode.swift; path = ChallengeDetailPresenter.swift; sourceTree = "<group>"; };
		F301EC512581856E009E4572 /* ChallengeDetailViewController.swift */ = {isa = PBXFileReference; fileEncoding = 4; lastKnownFileType = sourcecode.swift; path = ChallengeDetailViewController.swift; sourceTree = "<group>"; };
		F301EC532581856E009E4572 /* TwilioVerifyAdapter.swift */ = {isa = PBXFileReference; fileEncoding = 4; lastKnownFileType = sourcecode.swift; path = TwilioVerifyAdapter.swift; sourceTree = "<group>"; };
		F301EC6C258185AA009E4572 /* Info.plist */ = {isa = PBXFileReference; fileEncoding = 4; lastKnownFileType = text.plist.xml; path = Info.plist; sourceTree = "<group>"; };
		F301EC70258185D9009E4572 /* LaunchScreen.storyboard */ = {isa = PBXFileReference; fileEncoding = 4; lastKnownFileType = file.storyboard; path = LaunchScreen.storyboard; sourceTree = "<group>"; };
		F301EC73258185E0009E4572 /* Main.storyboard */ = {isa = PBXFileReference; fileEncoding = 4; lastKnownFileType = file.storyboard; path = Main.storyboard; sourceTree = "<group>"; };
		F301EC7725818600009E4572 /* AppDelegate.swift */ = {isa = PBXFileReference; fileEncoding = 4; lastKnownFileType = sourcecode.swift; path = AppDelegate.swift; sourceTree = "<group>"; };
/* End PBXFileReference section */

/* Begin PBXFrameworksBuildPhase section */
		F301EC0725818539009E4572 /* Frameworks */ = {
			isa = PBXFrameworksBuildPhase;
			buildActionMask = 2147483647;
			files = (
				F301EC7C25818619009E4572 /* TwilioVerify in Frameworks */,
			);
			runOnlyForDeploymentPostprocessing = 0;
		};
/* End PBXFrameworksBuildPhase section */

/* Begin PBXGroup section */
		F301EC0125818539009E4572 = {
			isa = PBXGroup;
			children = (
				F301EC0C25818539009E4572 /* PushDemo */,
				F301EC0B25818539009E4572 /* Products */,
			);
			sourceTree = "<group>";
		};
		F301EC0B25818539009E4572 /* Products */ = {
			isa = PBXGroup;
			children = (
				F301EC0A25818539009E4572 /* PushDemo.app */,
			);
			name = Products;
			sourceTree = "<group>";
		};
		F301EC0C25818539009E4572 /* PushDemo */ = {
			isa = PBXGroup;
			children = (
				F301EC492581856E009E4572 /* AccessToken */,
				F301EC4D2581856E009E4572 /* ChallengeDetail */,
				F301EC322581856E009E4572 /* CreateFactor */,
				F301EC452581856E009E4572 /* Extensions */,
				F301EC372581856E009E4572 /* FactorDetail */,
				F301EC3E2581856E009E4572 /* FactorList */,
				F301EC522581856E009E4572 /* TwilioVerify */,
				F301EC70258185D9009E4572 /* LaunchScreen.storyboard */,
				F301EC162581853C009E4572 /* Assets.xcassets */,
				F301EC7725818600009E4572 /* AppDelegate.swift */,
				F301EC73258185E0009E4572 /* Main.storyboard */,
				F301EC6C258185AA009E4572 /* Info.plist */,
			);
			path = PushDemo;
			sourceTree = "<group>";
		};
		F301EC322581856E009E4572 /* CreateFactor */ = {
			isa = PBXGroup;
			children = (
				F301EC332581856E009E4572 /* Presenter */,
				F301EC352581856E009E4572 /* View */,
			);
			path = CreateFactor;
			sourceTree = "<group>";
		};
		F301EC332581856E009E4572 /* Presenter */ = {
			isa = PBXGroup;
			children = (
				F301EC342581856E009E4572 /* CreateFactorPresenter.swift */,
			);
			path = Presenter;
			sourceTree = "<group>";
		};
		F301EC352581856E009E4572 /* View */ = {
			isa = PBXGroup;
			children = (
				F301EC362581856E009E4572 /* CreateFactorViewController.swift */,
			);
			path = View;
			sourceTree = "<group>";
		};
		F301EC372581856E009E4572 /* FactorDetail */ = {
			isa = PBXGroup;
			children = (
				F301EC382581856E009E4572 /* Presenter */,
				F301EC3A2581856E009E4572 /* View */,
			);
			path = FactorDetail;
			sourceTree = "<group>";
		};
		F301EC382581856E009E4572 /* Presenter */ = {
			isa = PBXGroup;
			children = (
				F301EC392581856E009E4572 /* FactorDetailPresenter.swift */,
			);
			path = Presenter;
			sourceTree = "<group>";
		};
		F301EC3A2581856E009E4572 /* View */ = {
			isa = PBXGroup;
			children = (
				F301EC3B2581856E009E4572 /* ChallengeTableViewCell.xib */,
				F301EC3C2581856E009E4572 /* ChallengeTableViewCell.swift */,
				F301EC3D2581856E009E4572 /* FactorDetailViewController.swift */,
			);
			path = View;
			sourceTree = "<group>";
		};
		F301EC3E2581856E009E4572 /* FactorList */ = {
			isa = PBXGroup;
			children = (
				F301EC3F2581856E009E4572 /* Presenter */,
				F301EC412581856E009E4572 /* View */,
			);
			path = FactorList;
			sourceTree = "<group>";
		};
		F301EC3F2581856E009E4572 /* Presenter */ = {
			isa = PBXGroup;
			children = (
				F301EC402581856E009E4572 /* FactorListPresenter.swift */,
			);
			path = Presenter;
			sourceTree = "<group>";
		};
		F301EC412581856E009E4572 /* View */ = {
			isa = PBXGroup;
			children = (
				F301EC422581856E009E4572 /* FactorListViewController.swift */,
				F301EC432581856E009E4572 /* FactorTableViewCell.swift */,
				F301EC442581856E009E4572 /* FactorTableViewCell.xib */,
			);
			path = View;
			sourceTree = "<group>";
		};
		F301EC452581856E009E4572 /* Extensions */ = {
			isa = PBXGroup;
			children = (
				F301EC462581856E009E4572 /* DateFormatter+Extensions.swift */,
				F301EC472581856E009E4572 /* UIColor+Extensions.swift */,
				F301EC482581856E009E4572 /* UITextField+Extensions.swift */,
			);
			path = Extensions;
			sourceTree = "<group>";
		};
		F301EC492581856E009E4572 /* AccessToken */ = {
			isa = PBXGroup;
			children = (
				F301EC4A2581856E009E4572 /* AccessTokensAPI.swift */,
				F301EC4C2581856E009E4572 /* AccessTokenResponse.swift */,
			);
			path = AccessToken;
			sourceTree = "<group>";
		};
		F301EC4D2581856E009E4572 /* ChallengeDetail */ = {
			isa = PBXGroup;
			children = (
				F301EC4E2581856E009E4572 /* Presenter */,
				F301EC502581856E009E4572 /* View */,
			);
			path = ChallengeDetail;
			sourceTree = "<group>";
		};
		F301EC4E2581856E009E4572 /* Presenter */ = {
			isa = PBXGroup;
			children = (
				F301EC4F2581856E009E4572 /* ChallengeDetailPresenter.swift */,
			);
			path = Presenter;
			sourceTree = "<group>";
		};
		F301EC502581856E009E4572 /* View */ = {
			isa = PBXGroup;
			children = (
				F301EC512581856E009E4572 /* ChallengeDetailViewController.swift */,
			);
			path = View;
			sourceTree = "<group>";
		};
		F301EC522581856E009E4572 /* TwilioVerify */ = {
			isa = PBXGroup;
			children = (
				F301EC532581856E009E4572 /* TwilioVerifyAdapter.swift */,
			);
			path = TwilioVerify;
			sourceTree = "<group>";
		};
/* End PBXGroup section */

/* Begin PBXNativeTarget section */
		F301EC0925818539009E4572 /* PushDemo */ = {
			isa = PBXNativeTarget;
			buildConfigurationList = F301EC1E2581853C009E4572 /* Build configuration list for PBXNativeTarget "PushDemo" */;
			buildPhases = (
				F301EC0625818539009E4572 /* Sources */,
				F301EC0725818539009E4572 /* Frameworks */,
				F301EC0825818539009E4572 /* Resources */,
			);
			buildRules = (
			);
			dependencies = (
			);
			name = PushDemo;
			packageProductDependencies = (
				F301EC7B25818619009E4572 /* TwilioVerify */,
			);
			productName = PushDemo;
			productReference = F301EC0A25818539009E4572 /* PushDemo.app */;
			productType = "com.apple.product-type.application";
		};
/* End PBXNativeTarget section */

/* Begin PBXProject section */
		F301EC0225818539009E4572 /* Project object */ = {
			isa = PBXProject;
			attributes = {
				LastSwiftUpdateCheck = 1220;
				LastUpgradeCheck = 1220;
				TargetAttributes = {
					F301EC0925818539009E4572 = {
						CreatedOnToolsVersion = 12.2;
					};
				};
			};
			buildConfigurationList = F301EC0525818539009E4572 /* Build configuration list for PBXProject "PushDemo" */;
			compatibilityVersion = "Xcode 9.3";
			developmentRegion = en;
			hasScannedForEncodings = 0;
			knownRegions = (
				en,
				Base,
			);
			mainGroup = F301EC0125818539009E4572;
			packageReferences = (
				F301EC7A25818619009E4572 /* XCRemoteSwiftPackageReference "twilio-verify-ios" */,
			);
			productRefGroup = F301EC0B25818539009E4572 /* Products */;
			projectDirPath = "";
			projectRoot = "";
			targets = (
				F301EC0925818539009E4572 /* PushDemo */,
			);
		};
/* End PBXProject section */

/* Begin PBXResourcesBuildPhase section */
		F301EC0825818539009E4572 /* Resources */ = {
			isa = PBXResourcesBuildPhase;
			buildActionMask = 2147483647;
			files = (
				F301EC5D2581856E009E4572 /* FactorTableViewCell.xib in Resources */,
				F301EC572581856E009E4572 /* ChallengeTableViewCell.xib in Resources */,
				F301EC74258185E0009E4572 /* Main.storyboard in Resources */,
				F301EC71258185D9009E4572 /* LaunchScreen.storyboard in Resources */,
				F301EC172581853C009E4572 /* Assets.xcassets in Resources */,
			);
			runOnlyForDeploymentPostprocessing = 0;
		};
/* End PBXResourcesBuildPhase section */

/* Begin PBXSourcesBuildPhase section */
		F301EC0625818539009E4572 /* Sources */ = {
			isa = PBXSourcesBuildPhase;
			buildActionMask = 2147483647;
			files = (
				F301EC592581856E009E4572 /* FactorDetailViewController.swift in Sources */,
				F301EC5B2581856E009E4572 /* FactorListViewController.swift in Sources */,
				F301EC662581856E009E4572 /* TwilioVerifyAdapter.swift in Sources */,
				F301EC5E2581856E009E4572 /* DateFormatter+Extensions.swift in Sources */,
				F301EC5F2581856E009E4572 /* UIColor+Extensions.swift in Sources */,
				F301EC632581856E009E4572 /* AccessTokenResponse.swift in Sources */,
				F301EC562581856E009E4572 /* FactorDetailPresenter.swift in Sources */,
				F301EC5C2581856E009E4572 /* FactorTableViewCell.swift in Sources */,
				F301EC652581856E009E4572 /* ChallengeDetailViewController.swift in Sources */,
				F301EC602581856E009E4572 /* UITextField+Extensions.swift in Sources */,
				F301EC552581856E009E4572 /* CreateFactorViewController.swift in Sources */,
				F301EC7825818601009E4572 /* AppDelegate.swift in Sources */,
				F301EC5A2581856E009E4572 /* FactorListPresenter.swift in Sources */,
				F301EC542581856E009E4572 /* CreateFactorPresenter.swift in Sources */,
				F301EC642581856E009E4572 /* ChallengeDetailPresenter.swift in Sources */,
				F301EC582581856E009E4572 /* ChallengeTableViewCell.swift in Sources */,
				F301EC612581856E009E4572 /* AccessTokensAPI.swift in Sources */,
			);
			runOnlyForDeploymentPostprocessing = 0;
		};
/* End PBXSourcesBuildPhase section */

/* Begin XCBuildConfiguration section */
		F301EC1C2581853C009E4572 /* Debug */ = {
			isa = XCBuildConfiguration;
			buildSettings = {
				ALWAYS_SEARCH_USER_PATHS = NO;
				CLANG_ANALYZER_NONNULL = YES;
				CLANG_ANALYZER_NUMBER_OBJECT_CONVERSION = YES_AGGRESSIVE;
				CLANG_CXX_LANGUAGE_STANDARD = "gnu++14";
				CLANG_CXX_LIBRARY = "libc++";
				CLANG_ENABLE_MODULES = YES;
				CLANG_ENABLE_OBJC_ARC = YES;
				CLANG_ENABLE_OBJC_WEAK = YES;
				CLANG_WARN_BLOCK_CAPTURE_AUTORELEASING = YES;
				CLANG_WARN_BOOL_CONVERSION = YES;
				CLANG_WARN_COMMA = YES;
				CLANG_WARN_CONSTANT_CONVERSION = YES;
				CLANG_WARN_DEPRECATED_OBJC_IMPLEMENTATIONS = YES;
				CLANG_WARN_DIRECT_OBJC_ISA_USAGE = YES_ERROR;
				CLANG_WARN_DOCUMENTATION_COMMENTS = YES;
				CLANG_WARN_EMPTY_BODY = YES;
				CLANG_WARN_ENUM_CONVERSION = YES;
				CLANG_WARN_INFINITE_RECURSION = YES;
				CLANG_WARN_INT_CONVERSION = YES;
				CLANG_WARN_NON_LITERAL_NULL_CONVERSION = YES;
				CLANG_WARN_OBJC_IMPLICIT_RETAIN_SELF = YES;
				CLANG_WARN_OBJC_LITERAL_CONVERSION = YES;
				CLANG_WARN_OBJC_ROOT_CLASS = YES_ERROR;
				CLANG_WARN_QUOTED_INCLUDE_IN_FRAMEWORK_HEADER = YES;
				CLANG_WARN_RANGE_LOOP_ANALYSIS = YES;
				CLANG_WARN_STRICT_PROTOTYPES = YES;
				CLANG_WARN_SUSPICIOUS_MOVE = YES;
				CLANG_WARN_UNGUARDED_AVAILABILITY = YES_AGGRESSIVE;
				CLANG_WARN_UNREACHABLE_CODE = YES;
				CLANG_WARN__DUPLICATE_METHOD_MATCH = YES;
				COPY_PHASE_STRIP = NO;
				DEBUG_INFORMATION_FORMAT = dwarf;
				ENABLE_STRICT_OBJC_MSGSEND = YES;
				ENABLE_TESTABILITY = YES;
				GCC_C_LANGUAGE_STANDARD = gnu11;
				GCC_DYNAMIC_NO_PIC = NO;
				GCC_NO_COMMON_BLOCKS = YES;
				GCC_OPTIMIZATION_LEVEL = 0;
				GCC_PREPROCESSOR_DEFINITIONS = (
					"DEBUG=1",
					"$(inherited)",
				);
				GCC_WARN_64_TO_32_BIT_CONVERSION = YES;
				GCC_WARN_ABOUT_RETURN_TYPE = YES_ERROR;
				GCC_WARN_UNDECLARED_SELECTOR = YES;
				GCC_WARN_UNINITIALIZED_AUTOS = YES_AGGRESSIVE;
				GCC_WARN_UNUSED_FUNCTION = YES;
				GCC_WARN_UNUSED_VARIABLE = YES;
				IPHONEOS_DEPLOYMENT_TARGET = 10.0;
				MTL_ENABLE_DEBUG_INFO = INCLUDE_SOURCE;
				MTL_FAST_MATH = YES;
				ONLY_ACTIVE_ARCH = YES;
				SDKROOT = iphoneos;
				SWIFT_ACTIVE_COMPILATION_CONDITIONS = DEBUG;
				SWIFT_OPTIMIZATION_LEVEL = "-Onone";
			};
			name = Debug;
		};
		F301EC1D2581853C009E4572 /* Release */ = {
			isa = XCBuildConfiguration;
			buildSettings = {
				ALWAYS_SEARCH_USER_PATHS = NO;
				CLANG_ANALYZER_NONNULL = YES;
				CLANG_ANALYZER_NUMBER_OBJECT_CONVERSION = YES_AGGRESSIVE;
				CLANG_CXX_LANGUAGE_STANDARD = "gnu++14";
				CLANG_CXX_LIBRARY = "libc++";
				CLANG_ENABLE_MODULES = YES;
				CLANG_ENABLE_OBJC_ARC = YES;
				CLANG_ENABLE_OBJC_WEAK = YES;
				CLANG_WARN_BLOCK_CAPTURE_AUTORELEASING = YES;
				CLANG_WARN_BOOL_CONVERSION = YES;
				CLANG_WARN_COMMA = YES;
				CLANG_WARN_CONSTANT_CONVERSION = YES;
				CLANG_WARN_DEPRECATED_OBJC_IMPLEMENTATIONS = YES;
				CLANG_WARN_DIRECT_OBJC_ISA_USAGE = YES_ERROR;
				CLANG_WARN_DOCUMENTATION_COMMENTS = YES;
				CLANG_WARN_EMPTY_BODY = YES;
				CLANG_WARN_ENUM_CONVERSION = YES;
				CLANG_WARN_INFINITE_RECURSION = YES;
				CLANG_WARN_INT_CONVERSION = YES;
				CLANG_WARN_NON_LITERAL_NULL_CONVERSION = YES;
				CLANG_WARN_OBJC_IMPLICIT_RETAIN_SELF = YES;
				CLANG_WARN_OBJC_LITERAL_CONVERSION = YES;
				CLANG_WARN_OBJC_ROOT_CLASS = YES_ERROR;
				CLANG_WARN_QUOTED_INCLUDE_IN_FRAMEWORK_HEADER = YES;
				CLANG_WARN_RANGE_LOOP_ANALYSIS = YES;
				CLANG_WARN_STRICT_PROTOTYPES = YES;
				CLANG_WARN_SUSPICIOUS_MOVE = YES;
				CLANG_WARN_UNGUARDED_AVAILABILITY = YES_AGGRESSIVE;
				CLANG_WARN_UNREACHABLE_CODE = YES;
				CLANG_WARN__DUPLICATE_METHOD_MATCH = YES;
				COPY_PHASE_STRIP = NO;
				DEBUG_INFORMATION_FORMAT = "dwarf-with-dsym";
				ENABLE_NS_ASSERTIONS = NO;
				ENABLE_STRICT_OBJC_MSGSEND = YES;
				GCC_C_LANGUAGE_STANDARD = gnu11;
				GCC_NO_COMMON_BLOCKS = YES;
				GCC_WARN_64_TO_32_BIT_CONVERSION = YES;
				GCC_WARN_ABOUT_RETURN_TYPE = YES_ERROR;
				GCC_WARN_UNDECLARED_SELECTOR = YES;
				GCC_WARN_UNINITIALIZED_AUTOS = YES_AGGRESSIVE;
				GCC_WARN_UNUSED_FUNCTION = YES;
				GCC_WARN_UNUSED_VARIABLE = YES;
				IPHONEOS_DEPLOYMENT_TARGET = 10.0;
				MTL_ENABLE_DEBUG_INFO = NO;
				MTL_FAST_MATH = YES;
				SDKROOT = iphoneos;
				SWIFT_COMPILATION_MODE = wholemodule;
				SWIFT_OPTIMIZATION_LEVEL = "-O";
				VALIDATE_PRODUCT = YES;
			};
			name = Release;
		};
		F301EC1F2581853C009E4572 /* Debug */ = {
			isa = XCBuildConfiguration;
			buildSettings = {
				ASSETCATALOG_COMPILER_APPICON_NAME = AppIcon;
				ASSETCATALOG_COMPILER_GLOBAL_ACCENT_COLOR_NAME = AccentColor;
				CODE_SIGN_STYLE = Automatic;
				CURRENT_PROJECT_VERSION = 1;
				DEVELOPMENT_TEAM = 273K3M8YNA;
				INFOPLIST_FILE = PushDemo/Info.plist;
				LD_RUNPATH_SEARCH_PATHS = (
					"$(inherited)",
					"@executable_path/Frameworks",
				);
				MARKETING_VERSION = 0.0.1;
				PRODUCT_BUNDLE_IDENTIFIER = com.kelley.PushDemo;
				PRODUCT_NAME = "$(TARGET_NAME)";
				SWIFT_VERSION = 5.0;
				TARGETED_DEVICE_FAMILY = "1,2";
			};
			name = Debug;
		};
		F301EC202581853C009E4572 /* Release */ = {
			isa = XCBuildConfiguration;
			buildSettings = {
				ASSETCATALOG_COMPILER_APPICON_NAME = AppIcon;
				ASSETCATALOG_COMPILER_GLOBAL_ACCENT_COLOR_NAME = AccentColor;
				CODE_SIGN_STYLE = Automatic;
				CURRENT_PROJECT_VERSION = 1;
				DEVELOPMENT_TEAM = 273K3M8YNA;
				INFOPLIST_FILE = PushDemo/Info.plist;
				LD_RUNPATH_SEARCH_PATHS = (
					"$(inherited)",
					"@executable_path/Frameworks",
				);
				MARKETING_VERSION = 0.0.1;
				PRODUCT_BUNDLE_IDENTIFIER = com.kelley.PushDemo;
				PRODUCT_NAME = "$(TARGET_NAME)";
				SWIFT_VERSION = 5.0;
				TARGETED_DEVICE_FAMILY = "1,2";
			};
			name = Release;
		};
/* End XCBuildConfiguration section */

/* Begin XCConfigurationList section */
		F301EC0525818539009E4572 /* Build configuration list for PBXProject "PushDemo" */ = {
			isa = XCConfigurationList;
			buildConfigurations = (
				F301EC1C2581853C009E4572 /* Debug */,
				F301EC1D2581853C009E4572 /* Release */,
			);
			defaultConfigurationIsVisible = 0;
			defaultConfigurationName = Release;
		};
		F301EC1E2581853C009E4572 /* Build configuration list for PBXNativeTarget "PushDemo" */ = {
			isa = XCConfigurationList;
			buildConfigurations = (
				F301EC1F2581853C009E4572 /* Debug */,
				F301EC202581853C009E4572 /* Release */,
			);
			defaultConfigurationIsVisible = 0;
			defaultConfigurationName = Release;
		};
/* End XCConfigurationList section */

/* Begin XCRemoteSwiftPackageReference section */
		F301EC7A25818619009E4572 /* XCRemoteSwiftPackageReference "twilio-verify-ios" */ = {
			isa = XCRemoteSwiftPackageReference;
			repositoryURL = "https://github.com/twilio/twilio-verify-ios";
			requirement = {
				kind = upToNextMajorVersion;
				minimumVersion = 0.2.0;
			};
		};
/* End XCRemoteSwiftPackageReference section */

/* Begin XCSwiftPackageProductDependency section */
		F301EC7B25818619009E4572 /* TwilioVerify */ = {
			isa = XCSwiftPackageProductDependency;
			package = F301EC7A25818619009E4572 /* XCRemoteSwiftPackageReference "twilio-verify-ios" */;
			productName = TwilioVerify;
		};
/* End XCSwiftPackageProductDependency section */
	};
	rootObject = F301EC0225818539009E4572 /* Project object */;
}
